// !$*UTF8*$!
{
	archiveVersion = 1;
	classes = {
	};
	objectVersion = 46;
	objects = {

/* Begin PBXBuildFile section */
		27DC8AC41B47272600163E9B /* AppDelegate.swift in Sources */ = {isa = PBXBuildFile; fileRef = 27DC8AC31B47272600163E9B /* AppDelegate.swift */; };
		27DC8AC61B47272600163E9B /* LoginViewController.swift in Sources */ = {isa = PBXBuildFile; fileRef = 27DC8AC51B47272600163E9B /* LoginViewController.swift */; };
		27DC8AC91B47272600163E9B /* Main.storyboard in Resources */ = {isa = PBXBuildFile; fileRef = 27DC8AC71B47272600163E9B /* Main.storyboard */; };
		27DC8ACB1B47272600163E9B /* Images.xcassets in Resources */ = {isa = PBXBuildFile; fileRef = 27DC8ACA1B47272600163E9B /* Images.xcassets */; };
		27DC8ACE1B47272600163E9B /* LaunchScreen.xib in Resources */ = {isa = PBXBuildFile; fileRef = 27DC8ACC1B47272600163E9B /* LaunchScreen.xib */; };
		27DC8ADA1B47272600163E9B /* OnTheMapTests.swift in Sources */ = {isa = PBXBuildFile; fileRef = 27DC8AD91B47272600163E9B /* OnTheMapTests.swift */; };
		27DC8AE91B47360800163E9B /* OTMConstants.swift in Sources */ = {isa = PBXBuildFile; fileRef = 27DC8AE81B47360800163E9B /* OTMConstants.swift */; };
		27DC8AEB1B4736E400163E9B /* OTMClient.swift in Sources */ = {isa = PBXBuildFile; fileRef = 27DC8AEA1B4736E400163E9B /* OTMClient.swift */; };
		27DC8AF31B473EAA00163E9B /* OTMConvenience.swift in Sources */ = {isa = PBXBuildFile; fileRef = 27DC8AF21B473EAA00163E9B /* OTMConvenience.swift */; };
		27DC8AF51B47500B00163E9B /* StudentInfo.swift in Sources */ = {isa = PBXBuildFile; fileRef = 27DC8AF41B47500B00163E9B /* StudentInfo.swift */; };
/* End PBXBuildFile section */

/* Begin PBXContainerItemProxy section */
		27DC8AD41B47272600163E9B /* PBXContainerItemProxy */ = {
			isa = PBXContainerItemProxy;
			containerPortal = 27DC8AB61B47272600163E9B /* Project object */;
			proxyType = 1;
			remoteGlobalIDString = 27DC8ABD1B47272600163E9B;
			remoteInfo = OnTheMap;
		};
/* End PBXContainerItemProxy section */

/* Begin PBXFileReference section */
		27DC8ABE1B47272600163E9B /* OnTheMap.app */ = {isa = PBXFileReference; explicitFileType = wrapper.application; includeInIndex = 0; path = OnTheMap.app; sourceTree = BUILT_PRODUCTS_DIR; };
		27DC8AC21B47272600163E9B /* Info.plist */ = {isa = PBXFileReference; lastKnownFileType = text.plist.xml; path = Info.plist; sourceTree = "<group>"; };
		27DC8AC31B47272600163E9B /* AppDelegate.swift */ = {isa = PBXFileReference; lastKnownFileType = sourcecode.swift; path = AppDelegate.swift; sourceTree = "<group>"; };
		27DC8AC51B47272600163E9B /* LoginViewController.swift */ = {isa = PBXFileReference; lastKnownFileType = sourcecode.swift; path = LoginViewController.swift; sourceTree = "<group>"; };
		27DC8AC81B47272600163E9B /* Base */ = {isa = PBXFileReference; lastKnownFileType = file.storyboard; name = Base; path = Base.lproj/Main.storyboard; sourceTree = "<group>"; };
		27DC8ACA1B47272600163E9B /* Images.xcassets */ = {isa = PBXFileReference; lastKnownFileType = folder.assetcatalog; path = Images.xcassets; sourceTree = "<group>"; };
		27DC8ACD1B47272600163E9B /* Base */ = {isa = PBXFileReference; lastKnownFileType = file.xib; name = Base; path = Base.lproj/LaunchScreen.xib; sourceTree = "<group>"; };
		27DC8AD31B47272600163E9B /* OnTheMapTests.xctest */ = {isa = PBXFileReference; explicitFileType = wrapper.cfbundle; includeInIndex = 0; path = OnTheMapTests.xctest; sourceTree = BUILT_PRODUCTS_DIR; };
		27DC8AD81B47272600163E9B /* Info.plist */ = {isa = PBXFileReference; lastKnownFileType = text.plist.xml; path = Info.plist; sourceTree = "<group>"; };
		27DC8AD91B47272600163E9B /* OnTheMapTests.swift */ = {isa = PBXFileReference; lastKnownFileType = sourcecode.swift; path = OnTheMapTests.swift; sourceTree = "<group>"; };
		27DC8AE81B47360800163E9B /* OTMConstants.swift */ = {isa = PBXFileReference; fileEncoding = 4; lastKnownFileType = sourcecode.swift; path = OTMConstants.swift; sourceTree = "<group>"; };
		27DC8AEA1B4736E400163E9B /* OTMClient.swift */ = {isa = PBXFileReference; fileEncoding = 4; lastKnownFileType = sourcecode.swift; path = OTMClient.swift; sourceTree = "<group>"; };
		27DC8AF21B473EAA00163E9B /* OTMConvenience.swift */ = {isa = PBXFileReference; fileEncoding = 4; lastKnownFileType = sourcecode.swift; path = OTMConvenience.swift; sourceTree = "<group>"; };
		27DC8AF41B47500B00163E9B /* StudentInfo.swift */ = {isa = PBXFileReference; fileEncoding = 4; lastKnownFileType = sourcecode.swift; path = StudentInfo.swift; sourceTree = "<group>"; };
/* End PBXFileReference section */

/* Begin PBXFrameworksBuildPhase section */
		27DC8ABB1B47272600163E9B /* Frameworks */ = {
			isa = PBXFrameworksBuildPhase;
			buildActionMask = 2147483647;
			files = (
			);
			runOnlyForDeploymentPostprocessing = 0;
		};
		27DC8AD01B47272600163E9B /* Frameworks */ = {
			isa = PBXFrameworksBuildPhase;
			buildActionMask = 2147483647;
			files = (
			);
			runOnlyForDeploymentPostprocessing = 0;
		};
/* End PBXFrameworksBuildPhase section */

/* Begin PBXGroup section */
		27DC8AB51B47272600163E9B = {
			isa = PBXGroup;
			children = (
				27DC8AC01B47272600163E9B /* OnTheMap */,
				27DC8AD61B47272600163E9B /* OnTheMapTests */,
				27DC8ABF1B47272600163E9B /* Products */,
			);
			sourceTree = "<group>";
		};
		27DC8ABF1B47272600163E9B /* Products */ = {
			isa = PBXGroup;
			children = (
				27DC8ABE1B47272600163E9B /* OnTheMap.app */,
				27DC8AD31B47272600163E9B /* OnTheMapTests.xctest */,
			);
			name = Products;
			sourceTree = "<group>";
		};
		27DC8AC01B47272600163E9B /* OnTheMap */ = {
			isa = PBXGroup;
			children = (
				27DC8AC31B47272600163E9B /* AppDelegate.swift */,
				27DC8AE51B472CEB00163E9B /* Controller */,
				27DC8AE41B472CE400163E9B /* View */,
				27DC8AE31B472CDB00163E9B /* Model */,
				27DC8AC11B47272600163E9B /* Supporting Files */,
			);
			path = OnTheMap;
			sourceTree = "<group>";
		};
		27DC8AC11B47272600163E9B /* Supporting Files */ = {
			isa = PBXGroup;
			children = (
				27DC8AC71B47272600163E9B /* Main.storyboard */,
				27DC8ACC1B47272600163E9B /* LaunchScreen.xib */,
				27DC8AC21B47272600163E9B /* Info.plist */,
				27DC8ACA1B47272600163E9B /* Images.xcassets */,
			);
			name = "Supporting Files";
			sourceTree = "<group>";
		};
		27DC8AD61B47272600163E9B /* OnTheMapTests */ = {
			isa = PBXGroup;
			children = (
				27DC8AD91B47272600163E9B /* OnTheMapTests.swift */,
				27DC8AD71B47272600163E9B /* Supporting Files */,
			);
			path = OnTheMapTests;
			sourceTree = "<group>";
		};
		27DC8AD71B47272600163E9B /* Supporting Files */ = {
			isa = PBXGroup;
			children = (
				27DC8AD81B47272600163E9B /* Info.plist */,
			);
			name = "Supporting Files";
			sourceTree = "<group>";
		};
		27DC8AE31B472CDB00163E9B /* Model */ = {
			isa = PBXGroup;
			children = (
				27DC8AE81B47360800163E9B /* OTMConstants.swift */,
				27DC8AEA1B4736E400163E9B /* OTMClient.swift */,
				27DC8AF21B473EAA00163E9B /* OTMConvenience.swift */,
				27DC8AF41B47500B00163E9B /* StudentInfo.swift */,
			);
			name = Model;
			sourceTree = "<group>";
		};
		27DC8AE41B472CE400163E9B /* View */ = {
			isa = PBXGroup;
			children = (
			);
			name = View;
			sourceTree = "<group>";
		};
		27DC8AE51B472CEB00163E9B /* Controller */ = {
			isa = PBXGroup;
			children = (
				27DC8AC51B47272600163E9B /* LoginViewController.swift */,
			);
			name = Controller;
			sourceTree = "<group>";
		};
/* End PBXGroup section */

/* Begin PBXNativeTarget section */
		27DC8ABD1B47272600163E9B /* OnTheMap */ = {
			isa = PBXNativeTarget;
			buildConfigurationList = 27DC8ADD1B47272600163E9B /* Build configuration list for PBXNativeTarget "OnTheMap" */;
			buildPhases = (
				27DC8ABA1B47272600163E9B /* Sources */,
				27DC8ABB1B47272600163E9B /* Frameworks */,
				27DC8ABC1B47272600163E9B /* Resources */,
			);
			buildRules = (
			);
			dependencies = (
			);
			name = OnTheMap;
			productName = OnTheMap;
			productReference = 27DC8ABE1B47272600163E9B /* OnTheMap.app */;
			productType = "com.apple.product-type.application";
		};
		27DC8AD21B47272600163E9B /* OnTheMapTests */ = {
			isa = PBXNativeTarget;
			buildConfigurationList = 27DC8AE01B47272600163E9B /* Build configuration list for PBXNativeTarget "OnTheMapTests" */;
			buildPhases = (
				27DC8ACF1B47272600163E9B /* Sources */,
				27DC8AD01B47272600163E9B /* Frameworks */,
				27DC8AD11B47272600163E9B /* Resources */,
			);
			buildRules = (
			);
			dependencies = (
				27DC8AD51B47272600163E9B /* PBXTargetDependency */,
			);
			name = OnTheMapTests;
			productName = OnTheMapTests;
			productReference = 27DC8AD31B47272600163E9B /* OnTheMapTests.xctest */;
			productType = "com.apple.product-type.bundle.unit-test";
		};
/* End PBXNativeTarget section */

/* Begin PBXProject section */
		27DC8AB61B47272600163E9B /* Project object */ = {
			isa = PBXProject;
			attributes = {
				LastUpgradeCheck = 0640;
				ORGANIZATIONNAME = "Chris Archibald";
				TargetAttributes = {
					27DC8ABD1B47272600163E9B = {
						CreatedOnToolsVersion = 6.4;
					};
					27DC8AD21B47272600163E9B = {
						CreatedOnToolsVersion = 6.4;
						TestTargetID = 27DC8ABD1B47272600163E9B;
					};
				};
			};
			buildConfigurationList = 27DC8AB91B47272600163E9B /* Build configuration list for PBXProject "OnTheMap" */;
			compatibilityVersion = "Xcode 3.2";
			developmentRegion = English;
			hasScannedForEncodings = 0;
			knownRegions = (
				en,
				Base,
			);
			mainGroup = 27DC8AB51B47272600163E9B;
			productRefGroup = 27DC8ABF1B47272600163E9B /* Products */;
			projectDirPath = "";
			projectRoot = "";
			targets = (
				27DC8ABD1B47272600163E9B /* OnTheMap */,
				27DC8AD21B47272600163E9B /* OnTheMapTests */,
			);
		};
/* End PBXProject section */

/* Begin PBXResourcesBuildPhase section */
		27DC8ABC1B47272600163E9B /* Resources */ = {
			isa = PBXResourcesBuildPhase;
			buildActionMask = 2147483647;
			files = (
				27DC8AC91B47272600163E9B /* Main.storyboard in Resources */,
				27DC8ACE1B47272600163E9B /* LaunchScreen.xib in Resources */,
				27DC8ACB1B47272600163E9B /* Images.xcassets in Resources */,
			);
			runOnlyForDeploymentPostprocessing = 0;
		};
		27DC8AD11B47272600163E9B /* Resources */ = {
			isa = PBXResourcesBuildPhase;
			buildActionMask = 2147483647;
			files = (
			);
			runOnlyForDeploymentPostprocessing = 0;
		};
/* End PBXResourcesBuildPhase section */

/* Begin PBXSourcesBuildPhase section */
		27DC8ABA1B47272600163E9B /* Sources */ = {
			isa = PBXSourcesBuildPhase;
			buildActionMask = 2147483647;
			files = (
				27DC8AF31B473EAA00163E9B /* OTMConvenience.swift in Sources */,
				27DC8AC61B47272600163E9B /* LoginViewController.swift in Sources */,
				27DC8AEB1B4736E400163E9B /* OTMClient.swift in Sources */,
				27DC8AF51B47500B00163E9B /* StudentInfo.swift in Sources */,
				27DC8AE91B47360800163E9B /* OTMConstants.swift in Sources */,
				27DC8AC41B47272600163E9B /* AppDelegate.swift in Sources */,
			);
			runOnlyForDeploymentPostprocessing = 0;
		};
		27DC8ACF1B47272600163E9B /* Sources */ = {
			isa = PBXSourcesBuildPhase;
			buildActionMask = 2147483647;
			files = (
				27DC8ADA1B47272600163E9B /* OnTheMapTests.swift in Sources */,
			);
			runOnlyForDeploymentPostprocessing = 0;
		};
/* End PBXSourcesBuildPhase section */

/* Begin PBXTargetDependency section */
		27DC8AD51B47272600163E9B /* PBXTargetDependency */ = {
			isa = PBXTargetDependency;
			target = 27DC8ABD1B47272600163E9B /* OnTheMap */;
			targetProxy = 27DC8AD41B47272600163E9B /* PBXContainerItemProxy */;
		};
/* End PBXTargetDependency section */

/* Begin PBXVariantGroup section */
		27DC8AC71B47272600163E9B /* Main.storyboard */ = {
			isa = PBXVariantGroup;
			children = (
				27DC8AC81B47272600163E9B /* Base */,
			);
			name = Main.storyboard;
			sourceTree = "<group>";
		};
		27DC8ACC1B47272600163E9B /* LaunchScreen.xib */ = {
			isa = PBXVariantGroup;
			children = (
				27DC8ACD1B47272600163E9B /* Base */,
			);
			name = LaunchScreen.xib;
			sourceTree = "<group>";
		};
/* End PBXVariantGroup section */

/* Begin XCBuildConfiguration section */
		27DC8ADB1B47272600163E9B /* Debug */ = {
			isa = XCBuildConfiguration;
			buildSettings = {
				ALWAYS_SEARCH_USER_PATHS = NO;
				CLANG_CXX_LANGUAGE_STANDARD = "gnu++0x";
				CLANG_CXX_LIBRARY = "libc++";
				CLANG_ENABLE_MODULES = YES;
				CLANG_ENABLE_OBJC_ARC = YES;
				CLANG_WARN_BOOL_CONVERSION = YES;
				CLANG_WARN_CONSTANT_CONVERSION = YES;
				CLANG_WARN_DIRECT_OBJC_ISA_USAGE = YES_ERROR;
				CLANG_WARN_EMPTY_BODY = YES;
				CLANG_WARN_ENUM_CONVERSION = YES;
				CLANG_WARN_INT_CONVERSION = YES;
				CLANG_WARN_OBJC_ROOT_CLASS = YES_ERROR;
				CLANG_WARN_UNREACHABLE_CODE = YES;
				CLANG_WARN__DUPLICATE_METHOD_MATCH = YES;
				"CODE_SIGN_IDENTITY[sdk=iphoneos*]" = "iPhone Developer";
				COPY_PHASE_STRIP = NO;
				DEBUG_INFORMATION_FORMAT = "dwarf-with-dsym";
				ENABLE_STRICT_OBJC_MSGSEND = YES;
				GCC_C_LANGUAGE_STANDARD = gnu99;
				GCC_DYNAMIC_NO_PIC = NO;
				GCC_NO_COMMON_BLOCKS = YES;
				GCC_OPTIMIZATION_LEVEL = 0;
				GCC_PREPROCESSOR_DEFINITIONS = (
					"DEBUG=1",
					"$(inherited)",
				);
				GCC_SYMBOLS_PRIVATE_EXTERN = NO;
				GCC_WARN_64_TO_32_BIT_CONVERSION = YES;
				GCC_WARN_ABOUT_RETURN_TYPE = YES_ERROR;
				GCC_WARN_UNDECLARED_SELECTOR = YES;
				GCC_WARN_UNINITIALIZED_AUTOS = YES_AGGRESSIVE;
				GCC_WARN_UNUSED_FUNCTION = YES;
				GCC_WARN_UNUSED_VARIABLE = YES;
				IPHONEOS_DEPLOYMENT_TARGET = 8.4;
				MTL_ENABLE_DEBUG_INFO = YES;
				ONLY_ACTIVE_ARCH = YES;
				SDKROOT = iphoneos;
				SWIFT_OPTIMIZATION_LEVEL = "-Onone";
				TARGETED_DEVICE_FAMILY = "1,2";
			};
			name = Debug;
		};
		27DC8ADC1B47272600163E9B /* Release */ = {
			isa = XCBuildConfiguration;
			buildSettings = {
				ALWAYS_SEARCH_USER_PATHS = NO;
				CLANG_CXX_LANGUAGE_STANDARD = "gnu++0x";
				CLANG_CXX_LIBRARY = "libc++";
				CLANG_ENABLE_MODULES = YES;
				CLANG_ENABLE_OBJC_ARC = YES;
				CLANG_WARN_BOOL_CONVERSION = YES;
				CLANG_WARN_CONSTANT_CONVERSION = YES;
				CLANG_WARN_DIRECT_OBJC_ISA_USAGE = YES_ERROR;
				CLANG_WARN_EMPTY_BODY = YES;
				CLANG_WARN_ENUM_CONVERSION = YES;
				CLANG_WARN_INT_CONVERSION = YES;
				CLANG_WARN_OBJC_ROOT_CLASS = YES_ERROR;
				CLANG_WARN_UNREACHABLE_CODE = YES;
				CLANG_WARN__DUPLICATE_METHOD_MATCH = YES;
				"CODE_SIGN_IDENTITY[sdk=iphoneos*]" = "iPhone Developer";
				COPY_PHASE_STRIP = NO;
				DEBUG_INFORMATION_FORMAT = "dwarf-with-dsym";
				ENABLE_NS_ASSERTIONS = NO;
				ENABLE_STRICT_OBJC_MSGSEND = YES;
				GCC_C_LANGUAGE_STANDARD = gnu99;
				GCC_NO_COMMON_BLOCKS = YES;
				GCC_WARN_64_TO_32_BIT_CONVERSION = YES;
				GCC_WARN_ABOUT_RETURN_TYPE = YES_ERROR;
				GCC_WARN_UNDECLARED_SELECTOR = YES;
				GCC_WARN_UNINITIALIZED_AUTOS = YES_AGGRESSIVE;
				GCC_WARN_UNUSED_FUNCTION = YES;
				GCC_WARN_UNUSED_VARIABLE = YES;
				IPHONEOS_DEPLOYMENT_TARGET = 8.4;
				MTL_ENABLE_DEBUG_INFO = NO;
				SDKROOT = iphoneos;
				TARGETED_DEVICE_FAMILY = "1,2";
				VALIDATE_PRODUCT = YES;
			};
			name = Release;
		};
		27DC8ADE1B47272600163E9B /* Debug */ = {
			isa = XCBuildConfiguration;
			buildSettings = {
				ASSETCATALOG_COMPILER_APPICON_NAME = AppIcon;
				CODE_SIGN_IDENTITY = "iPhone Developer";
				INFOPLIST_FILE = OnTheMap/Info.plist;
				LD_RUNPATH_SEARCH_PATHS = "$(inherited) @executable_path/Frameworks";
				PRODUCT_NAME = "$(TARGET_NAME)";
			};
			name = Debug;
		};
		27DC8ADF1B47272600163E9B /* Release */ = {
			isa = XCBuildConfiguration;
			buildSettings = {
				ASSETCATALOG_COMPILER_APPICON_NAME = AppIcon;
				CODE_SIGN_IDENTITY = "iPhone Developer";
				INFOPLIST_FILE = OnTheMap/Info.plist;
				LD_RUNPATH_SEARCH_PATHS = "$(inherited) @executable_path/Frameworks";
				PRODUCT_NAME = "$(TARGET_NAME)";
			};
			name = Release;
		};
		27DC8AE11B47272600163E9B /* Debug */ = {
			isa = XCBuildConfiguration;
			buildSettings = {
				BUNDLE_LOADER = "$(TEST_HOST)";
				FRAMEWORK_SEARCH_PATHS = (
					"$(SDKROOT)/Developer/Library/Frameworks",
					"$(inherited)",
				);
				GCC_PREPROCESSOR_DEFINITIONS = (
					"DEBUG=1",
					"$(inherited)",
				);
				INFOPLIST_FILE = OnTheMapTests/Info.plist;
				LD_RUNPATH_SEARCH_PATHS = "$(inherited) @executable_path/Frameworks @loader_path/Frameworks";
				PRODUCT_NAME = "$(TARGET_NAME)";
				TEST_HOST = "$(BUILT_PRODUCTS_DIR)/OnTheMap.app/OnTheMap";
			};
			name = Debug;
		};
		27DC8AE21B47272600163E9B /* Release */ = {
			isa = XCBuildConfiguration;
			buildSettings = {
				BUNDLE_LOADER = "$(TEST_HOST)";
				FRAMEWORK_SEARCH_PATHS = (
					"$(SDKROOT)/Developer/Library/Frameworks",
					"$(inherited)",
				);
				INFOPLIST_FILE = OnTheMapTests/Info.plist;
				LD_RUNPATH_SEARCH_PATHS = "$(inherited) @executable_path/Frameworks @loader_path/Frameworks";
				PRODUCT_NAME = "$(TARGET_NAME)";
				TEST_HOST = "$(BUILT_PRODUCTS_DIR)/OnTheMap.app/OnTheMap";
			};
			name = Release;
		};
/* End XCBuildConfiguration section */

/* Begin XCConfigurationList section */
		27DC8AB91B47272600163E9B /* Build configuration list for PBXProject "OnTheMap" */ = {
			isa = XCConfigurationList;
			buildConfigurations = (
				27DC8ADB1B47272600163E9B /* Debug */,
				27DC8ADC1B47272600163E9B /* Release */,
			);
			defaultConfigurationIsVisible = 0;
			defaultConfigurationName = Release;
		};
		27DC8ADD1B47272600163E9B /* Build configuration list for PBXNativeTarget "OnTheMap" */ = {
			isa = XCConfigurationList;
			buildConfigurations = (
				27DC8ADE1B47272600163E9B /* Debug */,
				27DC8ADF1B47272600163E9B /* Release */,
			);
			defaultConfigurationIsVisible = 0;
		};
		27DC8AE01B47272600163E9B /* Build configuration list for PBXNativeTarget "OnTheMapTests" */ = {
			isa = XCConfigurationList;
			buildConfigurations = (
				27DC8AE11B47272600163E9B /* Debug */,
				27DC8AE21B47272600163E9B /* Release */,
			);
			defaultConfigurationIsVisible = 0;
		};
/* End XCConfigurationList section */
	};
	rootObject = 27DC8AB61B47272600163E9B /* Project object */;
}
